{
  "pins" : [
    {
      "identity" : "dcutils",
      "kind" : "remoteSourceControl",
      "location" : "https://github.com/dancamarotto/DCUtils.git",
      "state" : {
        "branch" : "main",
        "revision" : "80886e69ae74b94b6e1bdcc48a05e540c3fc362a"
      }
    }
  ],
  "version" : 2
}
